// !$*UTF8*$!
{
	archiveVersion = 1;
	classes = {
	};
	objectVersion = 46;
	objects = {

/* Begin PBXBuildFile section */
		1772EDEBA227E8309A5A3015 /* Pods_MovieTunesUITests.framework in Frameworks */ = {isa = PBXBuildFile; fileRef = C345CDAE37370DA65DFC4EB4 /* Pods_MovieTunesUITests.framework */; };
		81C8F531C4BD7C74F8B1C4EE /* Pods_MovieTunesTests.framework in Frameworks */ = {isa = PBXBuildFile; fileRef = FFBFA00A694682E5B30BAFEE /* Pods_MovieTunesTests.framework */; };
		C6DC2C151EB7993200BAFB43 /* AppDelegate.swift in Sources */ = {isa = PBXBuildFile; fileRef = C6DC2C141EB7993200BAFB43 /* AppDelegate.swift */; };
		C6DC2C171EB7993200BAFB43 /* ViewController.swift in Sources */ = {isa = PBXBuildFile; fileRef = C6DC2C161EB7993200BAFB43 /* ViewController.swift */; };
		C6DC2C1A1EB7993200BAFB43 /* Main.storyboard in Resources */ = {isa = PBXBuildFile; fileRef = C6DC2C181EB7993200BAFB43 /* Main.storyboard */; };
		C6DC2C1C1EB7993200BAFB43 /* Assets.xcassets in Resources */ = {isa = PBXBuildFile; fileRef = C6DC2C1B1EB7993200BAFB43 /* Assets.xcassets */; };
		C6DC2C1F1EB7993200BAFB43 /* LaunchScreen.storyboard in Resources */ = {isa = PBXBuildFile; fileRef = C6DC2C1D1EB7993200BAFB43 /* LaunchScreen.storyboard */; };
		C6DC2C2A1EB7993200BAFB43 /* MovieTunesTests.swift in Sources */ = {isa = PBXBuildFile; fileRef = C6DC2C291EB7993200BAFB43 /* MovieTunesTests.swift */; };
		C6DC2C351EB7993200BAFB43 /* MovieTunesUITests.swift in Sources */ = {isa = PBXBuildFile; fileRef = C6DC2C341EB7993200BAFB43 /* MovieTunesUITests.swift */; };
		C6DC2C431EB79D3A00BAFB43 /* Movie.swift in Sources */ = {isa = PBXBuildFile; fileRef = C6DC2C421EB79D3A00BAFB43 /* Movie.swift */; };
		C6DC2C451EB7D11B00BAFB43 /* MovieTableViewCell.swift in Sources */ = {isa = PBXBuildFile; fileRef = C6DC2C441EB7D11B00BAFB43 /* MovieTableViewCell.swift */; };
		C6DC2C4A1EB7E3DF00BAFB43 /* DownloadImage.swift in Sources */ = {isa = PBXBuildFile; fileRef = C6DC2C491EB7E3DF00BAFB43 /* DownloadImage.swift */; };
		E71208D17E263687754FE456 /* Pods_MovieTunes.framework in Frameworks */ = {isa = PBXBuildFile; fileRef = 03AB583F004FF13FDB995F19 /* Pods_MovieTunes.framework */; };
/* End PBXBuildFile section */

/* Begin PBXContainerItemProxy section */
		C6DC2C261EB7993200BAFB43 /* PBXContainerItemProxy */ = {
			isa = PBXContainerItemProxy;
			containerPortal = C6DC2C091EB7993200BAFB43 /* Project object */;
			proxyType = 1;
			remoteGlobalIDString = C6DC2C101EB7993200BAFB43;
			remoteInfo = MovieTunes;
		};
		C6DC2C311EB7993200BAFB43 /* PBXContainerItemProxy */ = {
			isa = PBXContainerItemProxy;
			containerPortal = C6DC2C091EB7993200BAFB43 /* Project object */;
			proxyType = 1;
			remoteGlobalIDString = C6DC2C101EB7993200BAFB43;
			remoteInfo = MovieTunes;
		};
/* End PBXContainerItemProxy section */

/* Begin PBXFileReference section */
		03AB583F004FF13FDB995F19 /* Pods_MovieTunes.framework */ = {isa = PBXFileReference; explicitFileType = wrapper.framework; includeInIndex = 0; path = Pods_MovieTunes.framework; sourceTree = BUILT_PRODUCTS_DIR; };
		4AFB5B4784AF3BFC6BECD199 /* Pods-MovieTunesTests.release.xcconfig */ = {isa = PBXFileReference; includeInIndex = 1; lastKnownFileType = text.xcconfig; name = "Pods-MovieTunesTests.release.xcconfig"; path = "Pods/Target Support Files/Pods-MovieTunesTests/Pods-MovieTunesTests.release.xcconfig"; sourceTree = "<group>"; };
		8C533D8734BFDBA48C413F26 /* Pods-MovieTunesTests.debug.xcconfig */ = {isa = PBXFileReference; includeInIndex = 1; lastKnownFileType = text.xcconfig; name = "Pods-MovieTunesTests.debug.xcconfig"; path = "Pods/Target Support Files/Pods-MovieTunesTests/Pods-MovieTunesTests.debug.xcconfig"; sourceTree = "<group>"; };
		A67312DB12C8FCB5B31250F6 /* Pods-MovieTunes.release.xcconfig */ = {isa = PBXFileReference; includeInIndex = 1; lastKnownFileType = text.xcconfig; name = "Pods-MovieTunes.release.xcconfig"; path = "Pods/Target Support Files/Pods-MovieTunes/Pods-MovieTunes.release.xcconfig"; sourceTree = "<group>"; };
		BF5DBFBED0F3F680288BAC14 /* Pods-MovieTunesUITests.debug.xcconfig */ = {isa = PBXFileReference; includeInIndex = 1; lastKnownFileType = text.xcconfig; name = "Pods-MovieTunesUITests.debug.xcconfig"; path = "Pods/Target Support Files/Pods-MovieTunesUITests/Pods-MovieTunesUITests.debug.xcconfig"; sourceTree = "<group>"; };
		C345CDAE37370DA65DFC4EB4 /* Pods_MovieTunesUITests.framework */ = {isa = PBXFileReference; explicitFileType = wrapper.framework; includeInIndex = 0; path = Pods_MovieTunesUITests.framework; sourceTree = BUILT_PRODUCTS_DIR; };
		C54EA97689151C5277453AB9 /* Pods-MovieTunes.debug.xcconfig */ = {isa = PBXFileReference; includeInIndex = 1; lastKnownFileType = text.xcconfig; name = "Pods-MovieTunes.debug.xcconfig"; path = "Pods/Target Support Files/Pods-MovieTunes/Pods-MovieTunes.debug.xcconfig"; sourceTree = "<group>"; };
		C6DC2C111EB7993200BAFB43 /* MovieTunes.app */ = {isa = PBXFileReference; explicitFileType = wrapper.application; includeInIndex = 0; path = MovieTunes.app; sourceTree = BUILT_PRODUCTS_DIR; };
		C6DC2C141EB7993200BAFB43 /* AppDelegate.swift */ = {isa = PBXFileReference; lastKnownFileType = sourcecode.swift; path = AppDelegate.swift; sourceTree = "<group>"; };
		C6DC2C161EB7993200BAFB43 /* ViewController.swift */ = {isa = PBXFileReference; lastKnownFileType = sourcecode.swift; path = ViewController.swift; sourceTree = "<group>"; };
		C6DC2C191EB7993200BAFB43 /* Base */ = {isa = PBXFileReference; lastKnownFileType = file.storyboard; name = Base; path = Base.lproj/Main.storyboard; sourceTree = "<group>"; };
		C6DC2C1B1EB7993200BAFB43 /* Assets.xcassets */ = {isa = PBXFileReference; lastKnownFileType = folder.assetcatalog; path = Assets.xcassets; sourceTree = "<group>"; };
		C6DC2C1E1EB7993200BAFB43 /* Base */ = {isa = PBXFileReference; lastKnownFileType = file.storyboard; name = Base; path = Base.lproj/LaunchScreen.storyboard; sourceTree = "<group>"; };
		C6DC2C201EB7993200BAFB43 /* Info.plist */ = {isa = PBXFileReference; lastKnownFileType = text.plist.xml; path = Info.plist; sourceTree = "<group>"; };
		C6DC2C251EB7993200BAFB43 /* MovieTunesTests.xctest */ = {isa = PBXFileReference; explicitFileType = wrapper.cfbundle; includeInIndex = 0; path = MovieTunesTests.xctest; sourceTree = BUILT_PRODUCTS_DIR; };
		C6DC2C291EB7993200BAFB43 /* MovieTunesTests.swift */ = {isa = PBXFileReference; lastKnownFileType = sourcecode.swift; path = MovieTunesTests.swift; sourceTree = "<group>"; };
		C6DC2C2B1EB7993200BAFB43 /* Info.plist */ = {isa = PBXFileReference; lastKnownFileType = text.plist.xml; path = Info.plist; sourceTree = "<group>"; };
		C6DC2C301EB7993200BAFB43 /* MovieTunesUITests.xctest */ = {isa = PBXFileReference; explicitFileType = wrapper.cfbundle; includeInIndex = 0; path = MovieTunesUITests.xctest; sourceTree = BUILT_PRODUCTS_DIR; };
		C6DC2C341EB7993200BAFB43 /* MovieTunesUITests.swift */ = {isa = PBXFileReference; lastKnownFileType = sourcecode.swift; path = MovieTunesUITests.swift; sourceTree = "<group>"; };
		C6DC2C361EB7993200BAFB43 /* Info.plist */ = {isa = PBXFileReference; lastKnownFileType = text.plist.xml; path = Info.plist; sourceTree = "<group>"; };
		C6DC2C421EB79D3A00BAFB43 /* Movie.swift */ = {isa = PBXFileReference; fileEncoding = 4; lastKnownFileType = sourcecode.swift; path = Movie.swift; sourceTree = "<group>"; };
		C6DC2C441EB7D11B00BAFB43 /* MovieTableViewCell.swift */ = {isa = PBXFileReference; fileEncoding = 4; lastKnownFileType = sourcecode.swift; path = MovieTableViewCell.swift; sourceTree = "<group>"; };
		C6DC2C491EB7E3DF00BAFB43 /* DownloadImage.swift */ = {isa = PBXFileReference; fileEncoding = 4; lastKnownFileType = sourcecode.swift; path = DownloadImage.swift; sourceTree = "<group>"; };
		E20358BDC28648AC21EF2C6A /* Pods-MovieTunesUITests.release.xcconfig */ = {isa = PBXFileReference; includeInIndex = 1; lastKnownFileType = text.xcconfig; name = "Pods-MovieTunesUITests.release.xcconfig"; path = "Pods/Target Support Files/Pods-MovieTunesUITests/Pods-MovieTunesUITests.release.xcconfig"; sourceTree = "<group>"; };
		FFBFA00A694682E5B30BAFEE /* Pods_MovieTunesTests.framework */ = {isa = PBXFileReference; explicitFileType = wrapper.framework; includeInIndex = 0; path = Pods_MovieTunesTests.framework; sourceTree = BUILT_PRODUCTS_DIR; };
/* End PBXFileReference section */

/* Begin PBXFrameworksBuildPhase section */
		C6DC2C0E1EB7993200BAFB43 /* Frameworks */ = {
			isa = PBXFrameworksBuildPhase;
			buildActionMask = 2147483647;
			files = (
				E71208D17E263687754FE456 /* Pods_MovieTunes.framework in Frameworks */,
			);
			runOnlyForDeploymentPostprocessing = 0;
		};
		C6DC2C221EB7993200BAFB43 /* Frameworks */ = {
			isa = PBXFrameworksBuildPhase;
			buildActionMask = 2147483647;
			files = (
				81C8F531C4BD7C74F8B1C4EE /* Pods_MovieTunesTests.framework in Frameworks */,
			);
			runOnlyForDeploymentPostprocessing = 0;
		};
		C6DC2C2D1EB7993200BAFB43 /* Frameworks */ = {
			isa = PBXFrameworksBuildPhase;
			buildActionMask = 2147483647;
			files = (
				1772EDEBA227E8309A5A3015 /* Pods_MovieTunesUITests.framework in Frameworks */,
			);
			runOnlyForDeploymentPostprocessing = 0;
		};
/* End PBXFrameworksBuildPhase section */

/* Begin PBXGroup section */
		2E8D541542266C51F39B5263 /* Pods */ = {
			isa = PBXGroup;
			children = (
				C54EA97689151C5277453AB9 /* Pods-MovieTunes.debug.xcconfig */,
				A67312DB12C8FCB5B31250F6 /* Pods-MovieTunes.release.xcconfig */,
				8C533D8734BFDBA48C413F26 /* Pods-MovieTunesTests.debug.xcconfig */,
				4AFB5B4784AF3BFC6BECD199 /* Pods-MovieTunesTests.release.xcconfig */,
				BF5DBFBED0F3F680288BAC14 /* Pods-MovieTunesUITests.debug.xcconfig */,
				E20358BDC28648AC21EF2C6A /* Pods-MovieTunesUITests.release.xcconfig */,
			);
			name = Pods;
			sourceTree = "<group>";
		};
		AE6F34915230A6079032F40D /* Frameworks */ = {
			isa = PBXGroup;
			children = (
				03AB583F004FF13FDB995F19 /* Pods_MovieTunes.framework */,
				FFBFA00A694682E5B30BAFEE /* Pods_MovieTunesTests.framework */,
				C345CDAE37370DA65DFC4EB4 /* Pods_MovieTunesUITests.framework */,
			);
			name = Frameworks;
			sourceTree = "<group>";
		};
		C6DC2C081EB7993200BAFB43 = {
			isa = PBXGroup;
			children = (
				C6DC2C131EB7993200BAFB43 /* MovieTunes */,
				C6DC2C281EB7993200BAFB43 /* MovieTunesTests */,
				C6DC2C331EB7993200BAFB43 /* MovieTunesUITests */,
				C6DC2C121EB7993200BAFB43 /* Products */,
				2E8D541542266C51F39B5263 /* Pods */,
				AE6F34915230A6079032F40D /* Frameworks */,
			);
			sourceTree = "<group>";
		};
		C6DC2C121EB7993200BAFB43 /* Products */ = {
			isa = PBXGroup;
			children = (
				C6DC2C111EB7993200BAFB43 /* MovieTunes.app */,
				C6DC2C251EB7993200BAFB43 /* MovieTunesTests.xctest */,
				C6DC2C301EB7993200BAFB43 /* MovieTunesUITests.xctest */,
			);
			name = Products;
			sourceTree = "<group>";
		};
		C6DC2C131EB7993200BAFB43 /* MovieTunes */ = {
			isa = PBXGroup;
			children = (
				C6DC2C461EB7D7FF00BAFB43 /* Model */,
				C6DC2C471EB7D80F00BAFB43 /* View */,
				C6DC2C481EB7D81600BAFB43 /* Controller */,
				C6DC2C141EB7993200BAFB43 /* AppDelegate.swift */,
				C6DC2C161EB7993200BAFB43 /* ViewController.swift */,
				C6DC2C181EB7993200BAFB43 /* Main.storyboard */,
				C6DC2C1B1EB7993200BAFB43 /* Assets.xcassets */,
				C6DC2C1D1EB7993200BAFB43 /* LaunchScreen.storyboard */,
				C6DC2C201EB7993200BAFB43 /* Info.plist */,
				C6DC2C491EB7E3DF00BAFB43 /* DownloadImage.swift */,
			);
			path = MovieTunes;
			sourceTree = "<group>";
		};
		C6DC2C281EB7993200BAFB43 /* MovieTunesTests */ = {
			isa = PBXGroup;
			children = (
				C6DC2C291EB7993200BAFB43 /* MovieTunesTests.swift */,
				C6DC2C2B1EB7993200BAFB43 /* Info.plist */,
			);
			path = MovieTunesTests;
			sourceTree = "<group>";
		};
		C6DC2C331EB7993200BAFB43 /* MovieTunesUITests */ = {
			isa = PBXGroup;
			children = (
				C6DC2C341EB7993200BAFB43 /* MovieTunesUITests.swift */,
				C6DC2C361EB7993200BAFB43 /* Info.plist */,
			);
			path = MovieTunesUITests;
			sourceTree = "<group>";
		};
		C6DC2C461EB7D7FF00BAFB43 /* Model */ = {
			isa = PBXGroup;
			children = (
				C6DC2C421EB79D3A00BAFB43 /* Movie.swift */,
			);
			name = Model;
			sourceTree = "<group>";
		};
		C6DC2C471EB7D80F00BAFB43 /* View */ = {
			isa = PBXGroup;
			children = (
				C6DC2C441EB7D11B00BAFB43 /* MovieTableViewCell.swift */,
			);
			name = View;
			sourceTree = "<group>";
		};
		C6DC2C481EB7D81600BAFB43 /* Controller */ = {
			isa = PBXGroup;
			children = (
			);
			name = Controller;
			sourceTree = "<group>";
		};
/* End PBXGroup section */

/* Begin PBXNativeTarget section */
		C6DC2C101EB7993200BAFB43 /* MovieTunes */ = {
			isa = PBXNativeTarget;
			buildConfigurationList = C6DC2C391EB7993200BAFB43 /* Build configuration list for PBXNativeTarget "MovieTunes" */;
			buildPhases = (
				81246F67B2C4AE1FECB09210 /* [CP] Check Pods Manifest.lock */,
				C6DC2C0D1EB7993200BAFB43 /* Sources */,
				C6DC2C0E1EB7993200BAFB43 /* Frameworks */,
				C6DC2C0F1EB7993200BAFB43 /* Resources */,
				1968A2FBFD6F4AAB3A49F991 /* [CP] Embed Pods Frameworks */,
				3BA2D1EA7EEA561AFB3F5079 /* [CP] Copy Pods Resources */,
			);
			buildRules = (
			);
			dependencies = (
			);
			name = MovieTunes;
			productName = MovieTunes;
			productReference = C6DC2C111EB7993200BAFB43 /* MovieTunes.app */;
			productType = "com.apple.product-type.application";
		};
		C6DC2C241EB7993200BAFB43 /* MovieTunesTests */ = {
			isa = PBXNativeTarget;
			buildConfigurationList = C6DC2C3C1EB7993200BAFB43 /* Build configuration list for PBXNativeTarget "MovieTunesTests" */;
			buildPhases = (
				DA35C00CAE128B83174BEEA9 /* [CP] Check Pods Manifest.lock */,
				C6DC2C211EB7993200BAFB43 /* Sources */,
				C6DC2C221EB7993200BAFB43 /* Frameworks */,
				C6DC2C231EB7993200BAFB43 /* Resources */,
				1ED7EFDC89B7FF703E8BAD6E /* [CP] Embed Pods Frameworks */,
				E32DBF1B468775EBF0A32990 /* [CP] Copy Pods Resources */,
			);
			buildRules = (
			);
			dependencies = (
				C6DC2C271EB7993200BAFB43 /* PBXTargetDependency */,
			);
			name = MovieTunesTests;
			productName = MovieTunesTests;
			productReference = C6DC2C251EB7993200BAFB43 /* MovieTunesTests.xctest */;
			productType = "com.apple.product-type.bundle.unit-test";
		};
		C6DC2C2F1EB7993200BAFB43 /* MovieTunesUITests */ = {
			isa = PBXNativeTarget;
			buildConfigurationList = C6DC2C3F1EB7993200BAFB43 /* Build configuration list for PBXNativeTarget "MovieTunesUITests" */;
			buildPhases = (
				99AD5B3CA4AFE3E4903E24E2 /* [CP] Check Pods Manifest.lock */,
				C6DC2C2C1EB7993200BAFB43 /* Sources */,
				C6DC2C2D1EB7993200BAFB43 /* Frameworks */,
				C6DC2C2E1EB7993200BAFB43 /* Resources */,
				B92DDC81B0D1252B4203747D /* [CP] Embed Pods Frameworks */,
				06363168AA633EF674194677 /* [CP] Copy Pods Resources */,
			);
			buildRules = (
			);
			dependencies = (
				C6DC2C321EB7993200BAFB43 /* PBXTargetDependency */,
			);
			name = MovieTunesUITests;
			productName = MovieTunesUITests;
			productReference = C6DC2C301EB7993200BAFB43 /* MovieTunesUITests.xctest */;
			productType = "com.apple.product-type.bundle.ui-testing";
		};
/* End PBXNativeTarget section */

/* Begin PBXProject section */
		C6DC2C091EB7993200BAFB43 /* Project object */ = {
			isa = PBXProject;
			attributes = {
				LastSwiftUpdateCheck = 0830;
				LastUpgradeCheck = 0830;
				ORGANIZATIONNAME = "Buka Cakrawala";
				TargetAttributes = {
					C6DC2C101EB7993200BAFB43 = {
						CreatedOnToolsVersion = 8.3.2;
						DevelopmentTeam = T9R33YRSR8;
						ProvisioningStyle = Automatic;
					};
					C6DC2C241EB7993200BAFB43 = {
						CreatedOnToolsVersion = 8.3.2;
						DevelopmentTeam = T9R33YRSR8;
						ProvisioningStyle = Automatic;
						TestTargetID = C6DC2C101EB7993200BAFB43;
					};
					C6DC2C2F1EB7993200BAFB43 = {
						CreatedOnToolsVersion = 8.3.2;
						DevelopmentTeam = T9R33YRSR8;
						ProvisioningStyle = Automatic;
						TestTargetID = C6DC2C101EB7993200BAFB43;
					};
				};
			};
			buildConfigurationList = C6DC2C0C1EB7993200BAFB43 /* Build configuration list for PBXProject "MovieTunes" */;
			compatibilityVersion = "Xcode 3.2";
			developmentRegion = English;
			hasScannedForEncodings = 0;
			knownRegions = (
				en,
				Base,
			);
			mainGroup = C6DC2C081EB7993200BAFB43;
			productRefGroup = C6DC2C121EB7993200BAFB43 /* Products */;
			projectDirPath = "";
			projectRoot = "";
			targets = (
				C6DC2C101EB7993200BAFB43 /* MovieTunes */,
				C6DC2C241EB7993200BAFB43 /* MovieTunesTests */,
				C6DC2C2F1EB7993200BAFB43 /* MovieTunesUITests */,
			);
		};
/* End PBXProject section */

/* Begin PBXResourcesBuildPhase section */
		C6DC2C0F1EB7993200BAFB43 /* Resources */ = {
			isa = PBXResourcesBuildPhase;
			buildActionMask = 2147483647;
			files = (
				C6DC2C1F1EB7993200BAFB43 /* LaunchScreen.storyboard in Resources */,
				C6DC2C1C1EB7993200BAFB43 /* Assets.xcassets in Resources */,
				C6DC2C1A1EB7993200BAFB43 /* Main.storyboard in Resources */,
			);
			runOnlyForDeploymentPostprocessing = 0;
		};
		C6DC2C231EB7993200BAFB43 /* Resources */ = {
			isa = PBXResourcesBuildPhase;
			buildActionMask = 2147483647;
			files = (
			);
			runOnlyForDeploymentPostprocessing = 0;
		};
		C6DC2C2E1EB7993200BAFB43 /* Resources */ = {
			isa = PBXResourcesBuildPhase;
			buildActionMask = 2147483647;
			files = (
			);
			runOnlyForDeploymentPostprocessing = 0;
		};
/* End PBXResourcesBuildPhase section */

/* Begin PBXShellScriptBuildPhase section */
		06363168AA633EF674194677 /* [CP] Copy Pods Resources */ = {
			isa = PBXShellScriptBuildPhase;
			buildActionMask = 2147483647;
			files = (
			);
			inputPaths = (
			);
			name = "[CP] Copy Pods Resources";
			outputPaths = (
			);
			runOnlyForDeploymentPostprocessing = 0;
			shellPath = /bin/sh;
			shellScript = "\"${SRCROOT}/Pods/Target Support Files/Pods-MovieTunesUITests/Pods-MovieTunesUITests-resources.sh\"\n";
			showEnvVarsInLog = 0;
		};
		1968A2FBFD6F4AAB3A49F991 /* [CP] Embed Pods Frameworks */ = {
			isa = PBXShellScriptBuildPhase;
			buildActionMask = 2147483647;
			files = (
			);
			inputPaths = (
			);
			name = "[CP] Embed Pods Frameworks";
			outputPaths = (
			);
			runOnlyForDeploymentPostprocessing = 0;
			shellPath = /bin/sh;
			shellScript = "\"${SRCROOT}/Pods/Target Support Files/Pods-MovieTunes/Pods-MovieTunes-frameworks.sh\"\n";
			showEnvVarsInLog = 0;
		};
		1ED7EFDC89B7FF703E8BAD6E /* [CP] Embed Pods Frameworks */ = {
			isa = PBXShellScriptBuildPhase;
			buildActionMask = 2147483647;
			files = (
			);
			inputPaths = (
			);
			name = "[CP] Embed Pods Frameworks";
			outputPaths = (
			);
			runOnlyForDeploymentPostprocessing = 0;
			shellPath = /bin/sh;
			shellScript = "\"${SRCROOT}/Pods/Target Support Files/Pods-MovieTunesTests/Pods-MovieTunesTests-frameworks.sh\"\n";
			showEnvVarsInLog = 0;
		};
		3BA2D1EA7EEA561AFB3F5079 /* [CP] Copy Pods Resources */ = {
			isa = PBXShellScriptBuildPhase;
			buildActionMask = 2147483647;
			files = (
			);
			inputPaths = (
			);
			name = "[CP] Copy Pods Resources";
			outputPaths = (
			);
			runOnlyForDeploymentPostprocessing = 0;
			shellPath = /bin/sh;
			shellScript = "\"${SRCROOT}/Pods/Target Support Files/Pods-MovieTunes/Pods-MovieTunes-resources.sh\"\n";
			showEnvVarsInLog = 0;
		};
		81246F67B2C4AE1FECB09210 /* [CP] Check Pods Manifest.lock */ = {
			isa = PBXShellScriptBuildPhase;
			buildActionMask = 2147483647;
			files = (
			);
			inputPaths = (
			);
			name = "[CP] Check Pods Manifest.lock";
			outputPaths = (
			);
			runOnlyForDeploymentPostprocessing = 0;
			shellPath = /bin/sh;
			shellScript = "diff \"${PODS_ROOT}/../Podfile.lock\" \"${PODS_ROOT}/Manifest.lock\" > /dev/null\nif [ $? != 0 ] ; then\n    # print error to STDERR\n    echo \"error: The sandbox is not in sync with the Podfile.lock. Run 'pod install' or update your CocoaPods installation.\" >&2\n    exit 1\nfi\n";
			showEnvVarsInLog = 0;
		};
		99AD5B3CA4AFE3E4903E24E2 /* [CP] Check Pods Manifest.lock */ = {
			isa = PBXShellScriptBuildPhase;
			buildActionMask = 2147483647;
			files = (
			);
			inputPaths = (
			);
			name = "[CP] Check Pods Manifest.lock";
			outputPaths = (
			);
			runOnlyForDeploymentPostprocessing = 0;
			shellPath = /bin/sh;
			shellScript = "diff \"${PODS_ROOT}/../Podfile.lock\" \"${PODS_ROOT}/Manifest.lock\" > /dev/null\nif [ $? != 0 ] ; then\n    # print error to STDERR\n    echo \"error: The sandbox is not in sync with the Podfile.lock. Run 'pod install' or update your CocoaPods installation.\" >&2\n    exit 1\nfi\n";
			showEnvVarsInLog = 0;
		};
		B92DDC81B0D1252B4203747D /* [CP] Embed Pods Frameworks */ = {
			isa = PBXShellScriptBuildPhase;
			buildActionMask = 2147483647;
			files = (
			);
			inputPaths = (
			);
			name = "[CP] Embed Pods Frameworks";
			outputPaths = (
			);
			runOnlyForDeploymentPostprocessing = 0;
			shellPath = /bin/sh;
			shellScript = "\"${SRCROOT}/Pods/Target Support Files/Pods-MovieTunesUITests/Pods-MovieTunesUITests-frameworks.sh\"\n";
			showEnvVarsInLog = 0;
		};
		DA35C00CAE128B83174BEEA9 /* [CP] Check Pods Manifest.lock */ = {
			isa = PBXShellScriptBuildPhase;
			buildActionMask = 2147483647;
			files = (
			);
			inputPaths = (
			);
			name = "[CP] Check Pods Manifest.lock";
			outputPaths = (
			);
			runOnlyForDeploymentPostprocessing = 0;
			shellPath = /bin/sh;
			shellScript = "diff \"${PODS_ROOT}/../Podfile.lock\" \"${PODS_ROOT}/Manifest.lock\" > /dev/null\nif [ $? != 0 ] ; then\n    # print error to STDERR\n    echo \"error: The sandbox is not in sync with the Podfile.lock. Run 'pod install' or update your CocoaPods installation.\" >&2\n    exit 1\nfi\n";
			showEnvVarsInLog = 0;
		};
		E32DBF1B468775EBF0A32990 /* [CP] Copy Pods Resources */ = {
			isa = PBXShellScriptBuildPhase;
			buildActionMask = 2147483647;
			files = (
			);
			inputPaths = (
			);
			name = "[CP] Copy Pods Resources";
			outputPaths = (
			);
			runOnlyForDeploymentPostprocessing = 0;
			shellPath = /bin/sh;
			shellScript = "\"${SRCROOT}/Pods/Target Support Files/Pods-MovieTunesTests/Pods-MovieTunesTests-resources.sh\"\n";
			showEnvVarsInLog = 0;
		};
/* End PBXShellScriptBuildPhase section */

/* Begin PBXSourcesBuildPhase section */
		C6DC2C0D1EB7993200BAFB43 /* Sources */ = {
			isa = PBXSourcesBuildPhase;
			buildActionMask = 2147483647;
			files = (
				C6DC2C171EB7993200BAFB43 /* ViewController.swift in Sources */,
				C6DC2C151EB7993200BAFB43 /* AppDelegate.swift in Sources */,
				C6DC2C451EB7D11B00BAFB43 /* MovieTableViewCell.swift in Sources */,
				C6DC2C4A1EB7E3DF00BAFB43 /* DownloadImage.swift in Sources */,
				C6DC2C431EB79D3A00BAFB43 /* Movie.swift in Sources */,
			);
			runOnlyForDeploymentPostprocessing = 0;
		};
		C6DC2C211EB7993200BAFB43 /* Sources */ = {
			isa = PBXSourcesBuildPhase;
			buildActionMask = 2147483647;
			files = (
				C6DC2C2A1EB7993200BAFB43 /* MovieTunesTests.swift in Sources */,
			);
			runOnlyForDeploymentPostprocessing = 0;
		};
		C6DC2C2C1EB7993200BAFB43 /* Sources */ = {
			isa = PBXSourcesBuildPhase;
			buildActionMask = 2147483647;
			files = (
				C6DC2C351EB7993200BAFB43 /* MovieTunesUITests.swift in Sources */,
			);
			runOnlyForDeploymentPostprocessing = 0;
		};
/* End PBXSourcesBuildPhase section */

/* Begin PBXTargetDependency section */
		C6DC2C271EB7993200BAFB43 /* PBXTargetDependency */ = {
			isa = PBXTargetDependency;
			target = C6DC2C101EB7993200BAFB43 /* MovieTunes */;
			targetProxy = C6DC2C261EB7993200BAFB43 /* PBXContainerItemProxy */;
		};
		C6DC2C321EB7993200BAFB43 /* PBXTargetDependency */ = {
			isa = PBXTargetDependency;
			target = C6DC2C101EB7993200BAFB43 /* MovieTunes */;
			targetProxy = C6DC2C311EB7993200BAFB43 /* PBXContainerItemProxy */;
		};
/* End PBXTargetDependency section */

/* Begin PBXVariantGroup section */
		C6DC2C181EB7993200BAFB43 /* Main.storyboard */ = {
			isa = PBXVariantGroup;
			children = (
				C6DC2C191EB7993200BAFB43 /* Base */,
			);
			name = Main.storyboard;
			sourceTree = "<group>";
		};
		C6DC2C1D1EB7993200BAFB43 /* LaunchScreen.storyboard */ = {
			isa = PBXVariantGroup;
			children = (
				C6DC2C1E1EB7993200BAFB43 /* Base */,
			);
			name = LaunchScreen.storyboard;
			sourceTree = "<group>";
		};
/* End PBXVariantGroup section */

/* Begin XCBuildConfiguration section */
		C6DC2C371EB7993200BAFB43 /* Debug */ = {
			isa = XCBuildConfiguration;
			buildSettings = {
				ALWAYS_SEARCH_USER_PATHS = NO;
				CLANG_ANALYZER_NONNULL = YES;
				CLANG_ANALYZER_NUMBER_OBJECT_CONVERSION = YES_AGGRESSIVE;
				CLANG_CXX_LANGUAGE_STANDARD = "gnu++0x";
				CLANG_CXX_LIBRARY = "libc++";
				CLANG_ENABLE_MODULES = YES;
				CLANG_ENABLE_OBJC_ARC = YES;
				CLANG_WARN_BOOL_CONVERSION = YES;
				CLANG_WARN_CONSTANT_CONVERSION = YES;
				CLANG_WARN_DIRECT_OBJC_ISA_USAGE = YES_ERROR;
				CLANG_WARN_DOCUMENTATION_COMMENTS = YES;
				CLANG_WARN_EMPTY_BODY = YES;
				CLANG_WARN_ENUM_CONVERSION = YES;
				CLANG_WARN_INFINITE_RECURSION = YES;
				CLANG_WARN_INT_CONVERSION = YES;
				CLANG_WARN_OBJC_ROOT_CLASS = YES_ERROR;
				CLANG_WARN_SUSPICIOUS_MOVE = YES;
				CLANG_WARN_UNREACHABLE_CODE = YES;
				CLANG_WARN__DUPLICATE_METHOD_MATCH = YES;
				"CODE_SIGN_IDENTITY[sdk=iphoneos*]" = "iPhone Developer";
				COPY_PHASE_STRIP = NO;
				DEBUG_INFORMATION_FORMAT = dwarf;
				ENABLE_STRICT_OBJC_MSGSEND = YES;
				ENABLE_TESTABILITY = YES;
				GCC_C_LANGUAGE_STANDARD = gnu99;
				GCC_DYNAMIC_NO_PIC = NO;
				GCC_NO_COMMON_BLOCKS = YES;
				GCC_OPTIMIZATION_LEVEL = 0;
				GCC_PREPROCESSOR_DEFINITIONS = (
					"DEBUG=1",
					"$(inherited)",
				);
				GCC_WARN_64_TO_32_BIT_CONVERSION = YES;
				GCC_WARN_ABOUT_RETURN_TYPE = YES_ERROR;
				GCC_WARN_UNDECLARED_SELECTOR = YES;
				GCC_WARN_UNINITIALIZED_AUTOS = YES_AGGRESSIVE;
				GCC_WARN_UNUSED_FUNCTION = YES;
				GCC_WARN_UNUSED_VARIABLE = YES;
				IPHONEOS_DEPLOYMENT_TARGET = 10.3;
				MTL_ENABLE_DEBUG_INFO = YES;
				ONLY_ACTIVE_ARCH = YES;
				SDKROOT = iphoneos;
				SWIFT_ACTIVE_COMPILATION_CONDITIONS = DEBUG;
				SWIFT_OPTIMIZATION_LEVEL = "-Onone";
			};
			name = Debug;
		};
		C6DC2C381EB7993200BAFB43 /* Release */ = {
			isa = XCBuildConfiguration;
			buildSettings = {
				ALWAYS_SEARCH_USER_PATHS = NO;
				CLANG_ANALYZER_NONNULL = YES;
				CLANG_ANALYZER_NUMBER_OBJECT_CONVERSION = YES_AGGRESSIVE;
				CLANG_CXX_LANGUAGE_STANDARD = "gnu++0x";
				CLANG_CXX_LIBRARY = "libc++";
				CLANG_ENABLE_MODULES = YES;
				CLANG_ENABLE_OBJC_ARC = YES;
				CLANG_WARN_BOOL_CONVERSION = YES;
				CLANG_WARN_CONSTANT_CONVERSION = YES;
				CLANG_WARN_DIRECT_OBJC_ISA_USAGE = YES_ERROR;
				CLANG_WARN_DOCUMENTATION_COMMENTS = YES;
				CLANG_WARN_EMPTY_BODY = YES;
				CLANG_WARN_ENUM_CONVERSION = YES;
				CLANG_WARN_INFINITE_RECURSION = YES;
				CLANG_WARN_INT_CONVERSION = YES;
				CLANG_WARN_OBJC_ROOT_CLASS = YES_ERROR;
				CLANG_WARN_SUSPICIOUS_MOVE = YES;
				CLANG_WARN_UNREACHABLE_CODE = YES;
				CLANG_WARN__DUPLICATE_METHOD_MATCH = YES;
				"CODE_SIGN_IDENTITY[sdk=iphoneos*]" = "iPhone Developer";
				COPY_PHASE_STRIP = NO;
				DEBUG_INFORMATION_FORMAT = "dwarf-with-dsym";
				ENABLE_NS_ASSERTIONS = NO;
				ENABLE_STRICT_OBJC_MSGSEND = YES;
				GCC_C_LANGUAGE_STANDARD = gnu99;
				GCC_NO_COMMON_BLOCKS = YES;
				GCC_WARN_64_TO_32_BIT_CONVERSION = YES;
				GCC_WARN_ABOUT_RETURN_TYPE = YES_ERROR;
				GCC_WARN_UNDECLARED_SELECTOR = YES;
				GCC_WARN_UNINITIALIZED_AUTOS = YES_AGGRESSIVE;
				GCC_WARN_UNUSED_FUNCTION = YES;
				GCC_WARN_UNUSED_VARIABLE = YES;
				IPHONEOS_DEPLOYMENT_TARGET = 10.3;
				MTL_ENABLE_DEBUG_INFO = NO;
				SDKROOT = iphoneos;
				SWIFT_OPTIMIZATION_LEVEL = "-Owholemodule";
				VALIDATE_PRODUCT = YES;
			};
			name = Release;
		};
		C6DC2C3A1EB7993200BAFB43 /* Debug */ = {
			isa = XCBuildConfiguration;
			baseConfigurationReference = C54EA97689151C5277453AB9 /* Pods-MovieTunes.debug.xcconfig */;
			buildSettings = {
				ASSETCATALOG_COMPILER_APPICON_NAME = AppIcon;
				DEVELOPMENT_TEAM = T9R33YRSR8;
				INFOPLIST_FILE = MovieTunes/Info.plist;
				LD_RUNPATH_SEARCH_PATHS = "$(inherited) @executable_path/Frameworks";
				PRODUCT_BUNDLE_IDENTIFIER = com.kaka.MovieTunes;
				PRODUCT_NAME = "$(TARGET_NAME)";
				SWIFT_VERSION = 3.0;
			};
			name = Debug;
		};
		C6DC2C3B1EB7993200BAFB43 /* Release */ = {
			isa = XCBuildConfiguration;
			baseConfigurationReference = A67312DB12C8FCB5B31250F6 /* Pods-MovieTunes.release.xcconfig */;
			buildSettings = {
				ASSETCATALOG_COMPILER_APPICON_NAME = AppIcon;
				DEVELOPMENT_TEAM = T9R33YRSR8;
				INFOPLIST_FILE = MovieTunes/Info.plist;
				LD_RUNPATH_SEARCH_PATHS = "$(inherited) @executable_path/Frameworks";
				PRODUCT_BUNDLE_IDENTIFIER = com.kaka.MovieTunes;
				PRODUCT_NAME = "$(TARGET_NAME)";
				SWIFT_VERSION = 3.0;
			};
			name = Release;
		};
		C6DC2C3D1EB7993200BAFB43 /* Debug */ = {
			isa = XCBuildConfiguration;
			baseConfigurationReference = 8C533D8734BFDBA48C413F26 /* Pods-MovieTunesTests.debug.xcconfig */;
			buildSettings = {
				ALWAYS_EMBED_SWIFT_STANDARD_LIBRARIES = YES;
				BUNDLE_LOADER = "$(TEST_HOST)";
				DEVELOPMENT_TEAM = T9R33YRSR8;
				INFOPLIST_FILE = MovieTunesTests/Info.plist;
				LD_RUNPATH_SEARCH_PATHS = "$(inherited) @executable_path/Frameworks @loader_path/Frameworks";
				PRODUCT_BUNDLE_IDENTIFIER = com.kaka.MovieTunesTests;
				PRODUCT_NAME = "$(TARGET_NAME)";
				SWIFT_VERSION = 3.0;
				TEST_HOST = "$(BUILT_PRODUCTS_DIR)/MovieTunes.app/MovieTunes";
			};
			name = Debug;
		};
		C6DC2C3E1EB7993200BAFB43 /* Release */ = {
			isa = XCBuildConfiguration;
			baseConfigurationReference = 4AFB5B4784AF3BFC6BECD199 /* Pods-MovieTunesTests.release.xcconfig */;
			buildSettings = {
				ALWAYS_EMBED_SWIFT_STANDARD_LIBRARIES = YES;
				BUNDLE_LOADER = "$(TEST_HOST)";
				DEVELOPMENT_TEAM = T9R33YRSR8;
				INFOPLIST_FILE = MovieTunesTests/Info.plist;
				LD_RUNPATH_SEARCH_PATHS = "$(inherited) @executable_path/Frameworks @loader_path/Frameworks";
				PRODUCT_BUNDLE_IDENTIFIER = com.kaka.MovieTunesTests;
				PRODUCT_NAME = "$(TARGET_NAME)";
				SWIFT_VERSION = 3.0;
				TEST_HOST = "$(BUILT_PRODUCTS_DIR)/MovieTunes.app/MovieTunes";
			};
			name = Release;
		};
		C6DC2C401EB7993200BAFB43 /* Debug */ = {
			isa = XCBuildConfiguration;
			baseConfigurationReference = BF5DBFBED0F3F680288BAC14 /* Pods-MovieTunesUITests.debug.xcconfig */;
			buildSettings = {
				ALWAYS_EMBED_SWIFT_STANDARD_LIBRARIES = YES;
				DEVELOPMENT_TEAM = T9R33YRSR8;
				INFOPLIST_FILE = MovieTunesUITests/Info.plist;
				LD_RUNPATH_SEARCH_PATHS = "$(inherited) @executable_path/Frameworks @loader_path/Frameworks";
				PRODUCT_BUNDLE_IDENTIFIER = com.kaka.MovieTunesUITests;
				PRODUCT_NAME = "$(TARGET_NAME)";
				SWIFT_VERSION = 3.0;
				TEST_TARGET_NAME = MovieTunes;
			};
			name = Debug;
		};
		C6DC2C411EB7993200BAFB43 /* Release */ = {
			isa = XCBuildConfiguration;
			baseConfigurationReference = E20358BDC28648AC21EF2C6A /* Pods-MovieTunesUITests.release.xcconfig */;
			buildSettings = {
				ALWAYS_EMBED_SWIFT_STANDARD_LIBRARIES = YES;
				DEVELOPMENT_TEAM = T9R33YRSR8;
				INFOPLIST_FILE = MovieTunesUITests/Info.plist;
				LD_RUNPATH_SEARCH_PATHS = "$(inherited) @executable_path/Frameworks @loader_path/Frameworks";
				PRODUCT_BUNDLE_IDENTIFIER = com.kaka.MovieTunesUITests;
				PRODUCT_NAME = "$(TARGET_NAME)";
				SWIFT_VERSION = 3.0;
				TEST_TARGET_NAME = MovieTunes;
			};
			name = Release;
		};
/* End XCBuildConfiguration section */

/* Begin XCConfigurationList section */
		C6DC2C0C1EB7993200BAFB43 /* Build configuration list for PBXProject "MovieTunes" */ = {
			isa = XCConfigurationList;
			buildConfigurations = (
				C6DC2C371EB7993200BAFB43 /* Debug */,
				C6DC2C381EB7993200BAFB43 /* Release */,
			);
			defaultConfigurationIsVisible = 0;
			defaultConfigurationName = Release;
		};
		C6DC2C391EB7993200BAFB43 /* Build configuration list for PBXNativeTarget "MovieTunes" */ = {
			isa = XCConfigurationList;
			buildConfigurations = (
				C6DC2C3A1EB7993200BAFB43 /* Debug */,
				C6DC2C3B1EB7993200BAFB43 /* Release */,
			);
			defaultConfigurationIsVisible = 0;
			defaultConfigurationName = Release;
		};
		C6DC2C3C1EB7993200BAFB43 /* Build configuration list for PBXNativeTarget "MovieTunesTests" */ = {
			isa = XCConfigurationList;
			buildConfigurations = (
				C6DC2C3D1EB7993200BAFB43 /* Debug */,
				C6DC2C3E1EB7993200BAFB43 /* Release */,
			);
			defaultConfigurationIsVisible = 0;
			defaultConfigurationName = Release;
		};
		C6DC2C3F1EB7993200BAFB43 /* Build configuration list for PBXNativeTarget "MovieTunesUITests" */ = {
			isa = XCConfigurationList;
			buildConfigurations = (
				C6DC2C401EB7993200BAFB43 /* Debug */,
				C6DC2C411EB7993200BAFB43 /* Release */,
			);
			defaultConfigurationIsVisible = 0;
			defaultConfigurationName = Release;
		};
/* End XCConfigurationList section */
	};
	rootObject = C6DC2C091EB7993200BAFB43 /* Project object */;
}
